
Microsoft Visual Studio Solution File, Format Version 12.00
# Visual Studio Version 17
VisualStudioVersion = 17.9.34723.18
MinimumVisualStudioVersion = 10.0.40219.1
Project("{FAE04EC0-301F-11D3-BF4B-00C04F79EFBC}") = "PotionMasterNew", "PotionMasterNew\PotionMasterNew.csproj", "{2F8A20F7-385B-434B-850C-1967EFD51F46}"
EndProject
Global
	GlobalSection(SolutionConfigurationPlatforms) = preSolution
		Debug|Any CPU = Debug|Any CPU
		Release|Any CPU = Release|Any CPU
	EndGlobalSection
	GlobalSection(ProjectConfigurationPlatforms) = postSolution
		{2F8A20F7-385B-434B-850C-1967EFD51F46}.Debug|Any CPU.ActiveCfg = Debug|Any CPU
		{2F8A20F7-385B-434B-850C-1967EFD51F46}.Debug|Any CPU.Build.0 = Debug|Any CPU
		{2F8A20F7-385B-434B-850C-1967EFD51F46}.Release|Any CPU.ActiveCfg = Release|Any CPU
		{2F8A20F7-385B-434B-850C-1967EFD51F46}.Release|Any CPU.Build.0 = Release|Any CPU
	EndGlobalSection
	GlobalSection(SolutionProperties) = preSolution
		HideSolutionNode = FALSE
	EndGlobalSection
	GlobalSection(ExtensibilityGlobals) = postSolution
		SolutionGuid = {029DE86F-0AAA-4951-84EE-B5DFFB293FCF}
	EndGlobalSection
EndGlobal
